<?xml version="1.0" encoding="utf-8"?>
<Project ToolsVersion="4.0" xmlns="http://schemas.microsoft.com/developer/msbuild/2003">
  <ItemGroup>
    <Filter Include="源文件">
      <UniqueIdentifier>{4FC737F1-C7A5-4376-A066-2A32D752A2FF}</UniqueIdentifier>
      <Extensions>cpp;c;cc;cxx;def;odl;idl;hpj;bat;asm;asmx</Extensions>
    </Filter>
    <Filter Include="头文件">
      <UniqueIdentifier>{93995380-89BD-4b04-88EB-625FBE52EBFB}</UniqueIdentifier>
      <Extensions>h;hh;hpp;hxx;hm;inl;inc;xsd</Extensions>
    </Filter>
    <Filter Include="资源文件">
      <UniqueIdentifier>{67DA6AB6-F800-4c08-8B7A-83BB121AAD01}</UniqueIdentifier>
      <Extensions>rc;ico;cur;bmp;dlg;rc2;rct;bin;rgs;gif;jpg;jpeg;jpe;resx;tiff;tif;png;wav;mfcribbon-ms</Extensions>
    </Filter>
    <Filter Include="common">
      <UniqueIdentifier>{9463342a-0f38-4868-8e37-60ea5e480306}</UniqueIdentifier>
    </Filter>
  </ItemGroup>
  <ItemGroup>
    <Text Include="ReadMe.txt" />
  </ItemGroup>
  <ItemGroup>
    <ClInclude Include="CASTProject.h">
      <Filter>头文件</Filter>
    </ClInclude>
    <ClInclude Include="stdafx.h">
      <Filter>头文件</Filter>
    </ClInclude>
    <ClInclude Include="targetver.h">
      <Filter>头文件</Filter>
    </ClInclude>
    <ClInclude Include="MainFrm.h">
      <Filter>头文件</Filter>
    </ClInclude>
    <ClInclude Include="CASTProjectDoc.h">
      <Filter>头文件</Filter>
    </ClInclude>
    <ClInclude Include="CASTProjectView.h">
      <Filter>头文件</Filter>
    </ClInclude>
    <ClInclude Include="Resource.h">
      <Filter>头文件</Filter>
    </ClInclude>
    <ClInclude Include="include\CAST_SrcData.h">
      <Filter>common</Filter>
    </ClInclude>
    <ClInclude Include="FindDataDlg.h">
      <Filter>头文件</Filter>
    </ClInclude>
    <ClInclude Include="ImgCmpSetDlg.h">
      <Filter>头文件</Filter>
    </ClInclude>
    <ClInclude Include="InnerFactTestSetDlg.h">
      <Filter>头文件</Filter>
    </ClInclude>
    <ClInclude Include="PlayBackSetDlg.h">
      <Filter>头文件</Filter>
    </ClInclude>
    <ClInclude Include="ShowDlg.h">
      <Filter>头文件</Filter>
    </ClInclude>
    <ClInclude Include="AuxlDataShowDlg.h">
      <Filter>头文件</Filter>
    </ClInclude>
    <ClInclude Include="HealthCheckDlg.h">
      <Filter>头文件</Filter>
    </ClInclude>
    <ClInclude Include="include\PyInterface.h">
      <Filter>common</Filter>
    </ClInclude>
    <ClInclude Include="include\matplotlibcpp.h">
      <Filter>common</Filter>
    </ClInclude>
  </ItemGroup>
  <ItemGroup>
    <ClCompile Include="CASTProject.cpp">
      <Filter>源文件</Filter>
    </ClCompile>
    <ClCompile Include="stdafx.cpp">
      <Filter>源文件</Filter>
    </ClCompile>
    <ClCompile Include="MainFrm.cpp">
      <Filter>源文件</Filter>
    </ClCompile>
    <ClCompile Include="CASTProjectDoc.cpp">
      <Filter>源文件</Filter>
    </ClCompile>
    <ClCompile Include="CASTProjectView.cpp">
      <Filter>源文件</Filter>
    </ClCompile>
    <ClCompile Include="src\CAST_SrcData.cpp">
      <Filter>common</Filter>
    </ClCompile>
    <ClCompile Include="FindDataDlg.cpp">
      <Filter>源文件</Filter>
    </ClCompile>
    <ClCompile Include="ImgCmpSetDlg.cpp">
      <Filter>源文件</Filter>
    </ClCompile>
    <ClCompile Include="InnerFactTestSetDlg.cpp">
      <Filter>源文件</Filter>
    </ClCompile>
    <ClCompile Include="PlayBackSetDlg.cpp">
      <Filter>源文件</Filter>
    </ClCompile>
    <ClCompile Include="ShowDlg.cpp">
      <Filter>源文件</Filter>
    </ClCompile>
    <ClCompile Include="AuxlDataShowDlg.cpp">
      <Filter>源文件</Filter>
    </ClCompile>
    <ClCompile Include="HealthCheckDlg.cpp">
      <Filter>源文件</Filter>
    </ClCompile>
    <ClCompile Include="src\PyInterface.cpp">
      <Filter>common</Filter>
    </ClCompile>
  </ItemGroup>
  <ItemGroup>
    <ResourceCompile Include="CASTProject.rc">
      <Filter>资源文件</Filter>
    </ResourceCompile>
  </ItemGroup>
  <ItemGroup>
    <None Include="res\CASTProject.rc2">
      <Filter>资源文件</Filter>
    </None>
  </ItemGroup>
  <ItemGroup>
    <Image Include="res\CASTProjectDoc.ico">
      <Filter>资源文件</Filter>
    </Image>
    <Image Include="res\CASTProject.ico">
      <Filter>资源文件</Filter>
    </Image>
    <Image Include="res\Toolbar.bmp">
      <Filter>资源文件</Filter>
    </Image>
  </ItemGroup>
</Project>